{
  "version": 4,
  "terraform_version": "1.3.2",
  "serial": 31,
  "lineage": "1a964064-c3c6-6a9f-b6bd-d46c89c2b0b2",
  "outputs": {
    "connection_strings": {
      "value": "mongodb+srv://mynewatlasclusternamefr.5nncufq.mongodb.net",
      "type": "string"
    }
  },
  "resources": [
    {
      "mode": "managed",
      "type": "mongodbatlas_cluster",
      "name": "my_cluster",
      "provider": "provider[\"registry.terraform.io/mongodb/mongodbatlas\"]",
      "instances": [
        {
          "schema_version": 1,
          "attributes": {
            "advanced_configuration": [
              {
                "default_read_concern": "",
                "default_write_concern": "",
                "fail_index_key_too_long": false,
                "javascript_enabled": true,
                "minimum_enabled_tls_protocol": "TLS1_2",
                "no_table_scan": false,
                "oplog_size_mb": 0,
                "sample_refresh_interval_bi_connector": 0,
                "sample_size_bi_connector": 0
              }
            ],
            "auto_scaling_compute_enabled": false,
            "auto_scaling_compute_scale_down_enabled": false,
            "auto_scaling_disk_gb_enabled": false,
            "backing_provider_name": "AWS",
            "backup_enabled": false,
            "bi_connector": null,
            "bi_connector_config": [
              {
                "enabled": false,
                "read_preference": "secondary"
              }
            ],
            "cloud_backup": false,
            "cluster_id": "634f64143a764c14224a42b7",
            "cluster_type": "REPLICASET",
            "connection_strings": [
              {
                "aws_private_link": {},
                "aws_private_link_srv": {},
                "private": "",
                "private_endpoint": [],
                "private_srv": "",
                "standard": "mongodb://ac-oouya7s-shard-00-00.5nncufq.mongodb.net:27017,ac-oouya7s-shard-00-01.5nncufq.mongodb.net:27017,ac-oouya7s-shard-00-02.5nncufq.mongodb.net:27017/?ssl=true\u0026authSource=admin\u0026replicaSet=atlas-tiu858-shard-0",
                "standard_srv": "mongodb+srv://mynewatlasclusternamefr.5nncufq.mongodb.net"
              }
            ],
            "container_id": null,
            "disk_size_gb": 2,
            "encryption_at_rest_provider": "NONE",
            "id": "Y2x1c3Rlcl9pZA==:NjM0ZjY0MTQzYTc2NGMxNDIyNGE0MmI3-Y2x1c3Rlcl9uYW1l:bXlOZXdBdGxhc0NsdXN0ZXJOYW1lRnJvbVRG-cHJvamVjdF9pZA==:NjBlZjQwYmVlYjJiNDAxY2I4NzQ5MzYw-cHJvdmlkZXJfbmFtZQ==:VEVOQU5U",
            "labels": [],
            "mongo_db_major_version": "5.0",
            "mongo_db_version": "5.0.13",
            "mongo_uri": "mongodb://ac-oouya7s-shard-00-00.5nncufq.mongodb.net:27017,ac-oouya7s-shard-00-01.5nncufq.mongodb.net:27017,ac-oouya7s-shard-00-02.5nncufq.mongodb.net:27017",
            "mongo_uri_updated": "2022-10-19T02:43:15Z",
            "mongo_uri_with_options": "mongodb://ac-oouya7s-shard-00-00.5nncufq.mongodb.net:27017,ac-oouya7s-shard-00-01.5nncufq.mongodb.net:27017,ac-oouya7s-shard-00-02.5nncufq.mongodb.net:27017/?ssl=true\u0026authSource=admin\u0026replicaSet=atlas-tiu858-shard-0",
            "name": "myNewAtlasClusterNameFromTF_RENAME2",
            "num_shards": 1,
            "paused": false,
            "pit_enabled": false,
            "project_id": "60ef40beeb2b401cb8749360",
            "provider_auto_scaling_compute_max_instance_size": "",
            "provider_auto_scaling_compute_min_instance_size": "",
            "provider_backup_enabled": false,
            "provider_disk_iops": null,
            "provider_disk_type_name": "",
            "provider_encrypt_ebs_volume": null,
            "provider_encrypt_ebs_volume_flag": null,
            "provider_instance_size_name": "M2",
            "provider_name": "TENANT",
            "provider_region_name": "US_EAST_1",
            "provider_volume_type": "",
            "replication_factor": 3,
            "replication_specs": [
              {
                "id": "634f64143a764c14224a42ad",
                "num_shards": 1,
                "regions_config": [
                  {
                    "analytics_nodes": 0,
                    "electable_nodes": 3,
                    "priority": 7,
                    "read_only_nodes": 0,
                    "region_name": "US_EAST_1"
                  }
                ],
                "zone_name": "Zone 1"
              }
            ],
            "snapshot_backup_policy": [],
            "srv_address": "mongodb+srv://mynewatlasclusternamefr.5nncufq.mongodb.net",
            "state_name": "IDLE",
            "version_release_system": "LTS"
          },
          "sensitive_attributes": [],
          "private": "eyJzY2hlbWFfdmVyc2lvbiI6IjEifQ=="
        }
      ]
    },
    {
      "mode": "managed",
      "type": "mongodbatlas_database_user",
      "name": "my_user",
      "provider": "provider[\"registry.terraform.io/mongodb/mongodbatlas\"]",
      "instances": [
        {
          "schema_version": 0,
          "attributes": {
            "auth_database_name": "admin",
            "aws_iam_type": "NONE",
            "database_name": null,
            "id": "YXV0aF9kYXRhYmFzZV9uYW1l:YWRtaW4=-cHJvamVjdF9pZA==:NjBlZjQwYmVlYjJiNDAxY2I4NzQ5MzYw-dXNlcm5hbWU=:cGllcnJlX1JFTkFNRQ==",
            "labels": [],
            "ldap_auth_type": "NONE",
            "password": "12345",
            "project_id": "60ef40beeb2b401cb8749360",
            "roles": [
              {
                "collection_name": "",
                "database_name": "admin",
                "role_name": "atlasAdmin"
              }
            ],
            "scopes": [],
            "username": "pierre_RENAME",
            "x509_type": "NONE"
          },
          "sensitive_attributes": [],
          "private": "bnVsbA=="
        }
      ]
    },
    {
      "mode": "managed",
      "type": "mongodbatlas_project_ip_access_list",
      "name": "my_ipaddress",
      "provider": "provider[\"registry.terraform.io/mongodb/mongodbatlas\"]",
      "instances": [
        {
          "schema_version": 0,
          "attributes": {
            "aws_security_group": "",
            "cidr_block": "60.240.93.210/32",
            "comment": "My Terraform IP Address",
            "id": "ZW50cnk=:NjAuMjQwLjkzLjIxMA==-cHJvamVjdF9pZA==:NjBlZjQwYmVlYjJiNDAxY2I4NzQ5MzYw",
            "ip_address": "60.240.93.210",
            "project_id": "60ef40beeb2b401cb8749360",
            "timeouts": null
          },
          "sensitive_attributes": [],
          "private": "eyJlMmJmYjczMC1lY2FhLTExZTYtOGY4OC0zNDM2M2JjN2M0YzAiOnsiZGVsZXRlIjoyNzAwMDAwMDAwMDAwLCJyZWFkIjoyNzAwMDAwMDAwMDAwfX0="
        }
      ]
    }
  ],
  "check_results": []
}
